// !$*UTF8*$!
{
	archiveVersion = 1;
	classes = {
	};
	objectVersion = 46;
	objects = {

/* Begin PBXBuildFile section */
		75251CEF1B8FE74900543278 /* GCodeCommand.m in Sources */ = {isa = PBXBuildFile; fileRef = 75251CEE1B8FE74900543278 /* GCodeCommand.m */; };
		7546DE511B8C98A1002EDDCC /* ToolSettingsViewController.m in Sources */ = {isa = PBXBuildFile; fileRef = 7546DE501B8C98A1002EDDCC /* ToolSettingsViewController.m */; };
		7546DE541B8C9C58002EDDCC /* ToolSettingsView.m in Sources */ = {isa = PBXBuildFile; fileRef = 7546DE531B8C9C58002EDDCC /* ToolSettingsView.m */; };
		75C975D81B7E59C500EF1E5B /* CommunicationViewController.m in Sources */ = {isa = PBXBuildFile; fileRef = 75C975D71B7E59C500EF1E5B /* CommunicationViewController.m */; };
		75C975DB1B7E5C5100EF1E5B /* DataPreparationViewController.m in Sources */ = {isa = PBXBuildFile; fileRef = 75C975DA1B7E5C5100EF1E5B /* DataPreparationViewController.m */; };
		75D0BE0C1B75316F0096CAEC /* IOKit.framework in Frameworks */ = {isa = PBXBuildFile; fileRef = 75D0BE0B1B75316F0096CAEC /* IOKit.framework */; };
		75D0BE0F1B7541570096CAEC /* DeviceConnectionViewController.m in Sources */ = {isa = PBXBuildFile; fileRef = 75D0BE0E1B7541570096CAEC /* DeviceConnectionViewController.m */; };
		75D0BE121B7556CA0096CAEC /* DeviceConnectionView.m in Sources */ = {isa = PBXBuildFile; fileRef = 75D0BE111B7556CA0096CAEC /* DeviceConnectionView.m */; };
		75D0BE151B75595F0096CAEC /* SerialCommunication.c in Sources */ = {isa = PBXBuildFile; fileRef = 75D0BE131B75595F0096CAEC /* SerialCommunication.c */; };
		75FE223E1B74D4A9009CEC97 /* AppDelegate.m in Sources */ = {isa = PBXBuildFile; fileRef = 75FE223D1B74D4A9009CEC97 /* AppDelegate.m */; };
		75FE22401B74D4A9009CEC97 /* main.m in Sources */ = {isa = PBXBuildFile; fileRef = 75FE223F1B74D4A9009CEC97 /* main.m */; };
		75FE22451B74D4A9009CEC97 /* Images.xcassets in Resources */ = {isa = PBXBuildFile; fileRef = 75FE22441B74D4A9009CEC97 /* Images.xcassets */; };
		75FE22481B74D4A9009CEC97 /* Main.storyboard in Resources */ = {isa = PBXBuildFile; fileRef = 75FE22461B74D4A9009CEC97 /* Main.storyboard */; };
		75FE22541B74D4A9009CEC97 /* iCutMyselfTests.m in Sources */ = {isa = PBXBuildFile; fileRef = 75FE22531B74D4A9009CEC97 /* iCutMyselfTests.m */; };
/* End PBXBuildFile section */

/* Begin PBXContainerItemProxy section */
		75FE224E1B74D4A9009CEC97 /* PBXContainerItemProxy */ = {
			isa = PBXContainerItemProxy;
			containerPortal = 75FE222F1B74D4A9009CEC97 /* Project object */;
			proxyType = 1;
			remoteGlobalIDString = 75FE22361B74D4A9009CEC97;
			remoteInfo = iCutMyself;
		};
/* End PBXContainerItemProxy section */

/* Begin PBXFileReference section */
		75251CED1B8FE74800543278 /* GCodeCommand.h */ = {isa = PBXFileReference; fileEncoding = 4; lastKnownFileType = sourcecode.c.h; path = GCodeCommand.h; sourceTree = "<group>"; };
		75251CEE1B8FE74900543278 /* GCodeCommand.m */ = {isa = PBXFileReference; fileEncoding = 4; lastKnownFileType = sourcecode.c.objc; path = GCodeCommand.m; sourceTree = "<group>"; };
		7546DE4F1B8C98A1002EDDCC /* ToolSettingsViewController.h */ = {isa = PBXFileReference; fileEncoding = 4; lastKnownFileType = sourcecode.c.h; path = ToolSettingsViewController.h; sourceTree = "<group>"; };
		7546DE501B8C98A1002EDDCC /* ToolSettingsViewController.m */ = {isa = PBXFileReference; fileEncoding = 4; lastKnownFileType = sourcecode.c.objc; path = ToolSettingsViewController.m; sourceTree = "<group>"; };
		7546DE521B8C9C58002EDDCC /* ToolSettingsView.h */ = {isa = PBXFileReference; fileEncoding = 4; lastKnownFileType = sourcecode.c.h; path = ToolSettingsView.h; sourceTree = "<group>"; };
		7546DE531B8C9C58002EDDCC /* ToolSettingsView.m */ = {isa = PBXFileReference; fileEncoding = 4; lastKnownFileType = sourcecode.c.objc; path = ToolSettingsView.m; sourceTree = "<group>"; };
		75C975D61B7E59C500EF1E5B /* CommunicationViewController.h */ = {isa = PBXFileReference; fileEncoding = 4; lastKnownFileType = sourcecode.c.h; path = CommunicationViewController.h; sourceTree = "<group>"; };
		75C975D71B7E59C500EF1E5B /* CommunicationViewController.m */ = {isa = PBXFileReference; fileEncoding = 4; lastKnownFileType = sourcecode.c.objc; path = CommunicationViewController.m; sourceTree = "<group>"; };
		75C975D91B7E5C5100EF1E5B /* DataPreparationViewController.h */ = {isa = PBXFileReference; fileEncoding = 4; lastKnownFileType = sourcecode.c.h; path = DataPreparationViewController.h; sourceTree = "<group>"; };
		75C975DA1B7E5C5100EF1E5B /* DataPreparationViewController.m */ = {isa = PBXFileReference; fileEncoding = 4; lastKnownFileType = sourcecode.c.objc; path = DataPreparationViewController.m; sourceTree = "<group>"; };
		75D0BE0B1B75316F0096CAEC /* IOKit.framework */ = {isa = PBXFileReference; lastKnownFileType = wrapper.framework; name = IOKit.framework; path = System/Library/Frameworks/IOKit.framework; sourceTree = SDKROOT; };
		75D0BE0D1B7541570096CAEC /* DeviceConnectionViewController.h */ = {isa = PBXFileReference; fileEncoding = 4; lastKnownFileType = sourcecode.c.h; path = DeviceConnectionViewController.h; sourceTree = "<group>"; };
		75D0BE0E1B7541570096CAEC /* DeviceConnectionViewController.m */ = {isa = PBXFileReference; fileEncoding = 4; lastKnownFileType = sourcecode.c.objc; path = DeviceConnectionViewController.m; sourceTree = "<group>"; };
		75D0BE101B7556CA0096CAEC /* DeviceConnectionView.h */ = {isa = PBXFileReference; fileEncoding = 4; lastKnownFileType = sourcecode.c.h; path = DeviceConnectionView.h; sourceTree = "<group>"; };
		75D0BE111B7556CA0096CAEC /* DeviceConnectionView.m */ = {isa = PBXFileReference; fileEncoding = 4; lastKnownFileType = sourcecode.c.objc; path = DeviceConnectionView.m; sourceTree = "<group>"; };
		75D0BE131B75595F0096CAEC /* SerialCommunication.c */ = {isa = PBXFileReference; fileEncoding = 4; lastKnownFileType = sourcecode.c.c; path = SerialCommunication.c; sourceTree = "<group>"; };
		75D0BE141B75595F0096CAEC /* SerialCommunication.h */ = {isa = PBXFileReference; fileEncoding = 4; lastKnownFileType = sourcecode.c.h; path = SerialCommunication.h; sourceTree = "<group>"; };
		75FE22371B74D4A9009CEC97 /* iCutMyself.app */ = {isa = PBXFileReference; explicitFileType = wrapper.application; includeInIndex = 0; path = iCutMyself.app; sourceTree = BUILT_PRODUCTS_DIR; };
		75FE223B1B74D4A9009CEC97 /* Info.plist */ = {isa = PBXFileReference; lastKnownFileType = text.plist.xml; path = Info.plist; sourceTree = "<group>"; };
		75FE223C1B74D4A9009CEC97 /* AppDelegate.h */ = {isa = PBXFileReference; lastKnownFileType = sourcecode.c.h; path = AppDelegate.h; sourceTree = "<group>"; };
		75FE223D1B74D4A9009CEC97 /* AppDelegate.m */ = {isa = PBXFileReference; lastKnownFileType = sourcecode.c.objc; path = AppDelegate.m; sourceTree = "<group>"; };
		75FE223F1B74D4A9009CEC97 /* main.m */ = {isa = PBXFileReference; lastKnownFileType = sourcecode.c.objc; path = main.m; sourceTree = "<group>"; };
		75FE22441B74D4A9009CEC97 /* Images.xcassets */ = {isa = PBXFileReference; lastKnownFileType = folder.assetcatalog; path = Images.xcassets; sourceTree = "<group>"; };
		75FE22471B74D4A9009CEC97 /* Base */ = {isa = PBXFileReference; lastKnownFileType = file.storyboard; name = Base; path = Base.lproj/Main.storyboard; sourceTree = "<group>"; };
		75FE224D1B74D4A9009CEC97 /* iCutMyselfTests.xctest */ = {isa = PBXFileReference; explicitFileType = wrapper.cfbundle; includeInIndex = 0; path = iCutMyselfTests.xctest; sourceTree = BUILT_PRODUCTS_DIR; };
		75FE22521B74D4A9009CEC97 /* Info.plist */ = {isa = PBXFileReference; lastKnownFileType = text.plist.xml; path = Info.plist; sourceTree = "<group>"; };
		75FE22531B74D4A9009CEC97 /* iCutMyselfTests.m */ = {isa = PBXFileReference; lastKnownFileType = sourcecode.c.objc; path = iCutMyselfTests.m; sourceTree = "<group>"; };
/* End PBXFileReference section */

/* Begin PBXFrameworksBuildPhase section */
		75FE22341B74D4A9009CEC97 /* Frameworks */ = {
			isa = PBXFrameworksBuildPhase;
			buildActionMask = 2147483647;
			files = (
				75D0BE0C1B75316F0096CAEC /* IOKit.framework in Frameworks */,
			);
			runOnlyForDeploymentPostprocessing = 0;
		};
		75FE224A1B74D4A9009CEC97 /* Frameworks */ = {
			isa = PBXFrameworksBuildPhase;
			buildActionMask = 2147483647;
			files = (
			);
			runOnlyForDeploymentPostprocessing = 0;
		};
/* End PBXFrameworksBuildPhase section */

/* Begin PBXGroup section */
		75FE222E1B74D4A9009CEC97 = {
			isa = PBXGroup;
			children = (
				75D0BE0B1B75316F0096CAEC /* IOKit.framework */,
				75FE22391B74D4A9009CEC97 /* iCutMyself */,
				75FE22501B74D4A9009CEC97 /* iCutMyselfTests */,
				75FE22381B74D4A9009CEC97 /* Products */,
			);
			sourceTree = "<group>";
		};
		75FE22381B74D4A9009CEC97 /* Products */ = {
			isa = PBXGroup;
			children = (
				75FE22371B74D4A9009CEC97 /* iCutMyself.app */,
				75FE224D1B74D4A9009CEC97 /* iCutMyselfTests.xctest */,
			);
			name = Products;
			sourceTree = "<group>";
		};
		75FE22391B74D4A9009CEC97 /* iCutMyself */ = {
			isa = PBXGroup;
			children = (
				75FE223C1B74D4A9009CEC97 /* AppDelegate.h */,
				75FE223D1B74D4A9009CEC97 /* AppDelegate.m */,
				75FE22441B74D4A9009CEC97 /* Images.xcassets */,
				75FE22461B74D4A9009CEC97 /* Main.storyboard */,
				75FE223A1B74D4A9009CEC97 /* Supporting Files */,
				75D0BE0D1B7541570096CAEC /* DeviceConnectionViewController.h */,
				75D0BE0E1B7541570096CAEC /* DeviceConnectionViewController.m */,
				75D0BE101B7556CA0096CAEC /* DeviceConnectionView.h */,
				75D0BE111B7556CA0096CAEC /* DeviceConnectionView.m */,
				75D0BE131B75595F0096CAEC /* SerialCommunication.c */,
				75D0BE141B75595F0096CAEC /* SerialCommunication.h */,
				75C975D61B7E59C500EF1E5B /* CommunicationViewController.h */,
				75C975D71B7E59C500EF1E5B /* CommunicationViewController.m */,
				75C975D91B7E5C5100EF1E5B /* DataPreparationViewController.h */,
				75C975DA1B7E5C5100EF1E5B /* DataPreparationViewController.m */,
				7546DE4F1B8C98A1002EDDCC /* ToolSettingsViewController.h */,
				7546DE501B8C98A1002EDDCC /* ToolSettingsViewController.m */,
				7546DE521B8C9C58002EDDCC /* ToolSettingsView.h */,
				7546DE531B8C9C58002EDDCC /* ToolSettingsView.m */,
				75251CED1B8FE74800543278 /* GCodeCommand.h */,
				75251CEE1B8FE74900543278 /* GCodeCommand.m */,
			);
			path = iCutMyself;
			sourceTree = "<group>";
		};
		75FE223A1B74D4A9009CEC97 /* Supporting Files */ = {
			isa = PBXGroup;
			children = (
				75FE223B1B74D4A9009CEC97 /* Info.plist */,
				75FE223F1B74D4A9009CEC97 /* main.m */,
			);
			name = "Supporting Files";
			sourceTree = "<group>";
		};
		75FE22501B74D4A9009CEC97 /* iCutMyselfTests */ = {
			isa = PBXGroup;
			children = (
				75FE22531B74D4A9009CEC97 /* iCutMyselfTests.m */,
				75FE22511B74D4A9009CEC97 /* Supporting Files */,
			);
			path = iCutMyselfTests;
			sourceTree = "<group>";
		};
		75FE22511B74D4A9009CEC97 /* Supporting Files */ = {
			isa = PBXGroup;
			children = (
				75FE22521B74D4A9009CEC97 /* Info.plist */,
			);
			name = "Supporting Files";
			sourceTree = "<group>";
		};
/* End PBXGroup section */

/* Begin PBXNativeTarget section */
		75FE22361B74D4A9009CEC97 /* iCutMyself */ = {
			isa = PBXNativeTarget;
			buildConfigurationList = 75FE22571B74D4A9009CEC97 /* Build configuration list for PBXNativeTarget "iCutMyself" */;
			buildPhases = (
				75FE22331B74D4A9009CEC97 /* Sources */,
				75FE22341B74D4A9009CEC97 /* Frameworks */,
				75FE22351B74D4A9009CEC97 /* Resources */,
			);
			buildRules = (
			);
			dependencies = (
			);
			name = iCutMyself;
			productName = iCutMyself;
			productReference = 75FE22371B74D4A9009CEC97 /* iCutMyself.app */;
			productType = "com.apple.product-type.application";
		};
		75FE224C1B74D4A9009CEC97 /* iCutMyselfTests */ = {
			isa = PBXNativeTarget;
			buildConfigurationList = 75FE225A1B74D4A9009CEC97 /* Build configuration list for PBXNativeTarget "iCutMyselfTests" */;
			buildPhases = (
				75FE22491B74D4A9009CEC97 /* Sources */,
				75FE224A1B74D4A9009CEC97 /* Frameworks */,
				75FE224B1B74D4A9009CEC97 /* Resources */,
			);
			buildRules = (
			);
			dependencies = (
				75FE224F1B74D4A9009CEC97 /* PBXTargetDependency */,
			);
			name = iCutMyselfTests;
			productName = iCutMyselfTests;
			productReference = 75FE224D1B74D4A9009CEC97 /* iCutMyselfTests.xctest */;
			productType = "com.apple.product-type.bundle.unit-test";
		};
/* End PBXNativeTarget section */

/* Begin PBXProject section */
		75FE222F1B74D4A9009CEC97 /* Project object */ = {
			isa = PBXProject;
			attributes = {
				LastUpgradeCheck = 0640;
				ORGANIZATIONNAME = "DickFingers Inc.";
				TargetAttributes = {
					75FE22361B74D4A9009CEC97 = {
						CreatedOnToolsVersion = 6.4;
					};
					75FE224C1B74D4A9009CEC97 = {
						CreatedOnToolsVersion = 6.4;
						TestTargetID = 75FE22361B74D4A9009CEC97;
					};
				};
			};
			buildConfigurationList = 75FE22321B74D4A9009CEC97 /* Build configuration list for PBXProject "iCutMyself" */;
			compatibilityVersion = "Xcode 3.2";
			developmentRegion = English;
			hasScannedForEncodings = 0;
			knownRegions = (
				en,
				Base,
			);
			mainGroup = 75FE222E1B74D4A9009CEC97;
			productRefGroup = 75FE22381B74D4A9009CEC97 /* Products */;
			projectDirPath = "";
			projectRoot = "";
			targets = (
				75FE22361B74D4A9009CEC97 /* iCutMyself */,
				75FE224C1B74D4A9009CEC97 /* iCutMyselfTests */,
			);
		};
/* End PBXProject section */

/* Begin PBXResourcesBuildPhase section */
		75FE22351B74D4A9009CEC97 /* Resources */ = {
			isa = PBXResourcesBuildPhase;
			buildActionMask = 2147483647;
			files = (
				75FE22451B74D4A9009CEC97 /* Images.xcassets in Resources */,
				75FE22481B74D4A9009CEC97 /* Main.storyboard in Resources */,
			);
			runOnlyForDeploymentPostprocessing = 0;
		};
		75FE224B1B74D4A9009CEC97 /* Resources */ = {
			isa = PBXResourcesBuildPhase;
			buildActionMask = 2147483647;
			files = (
			);
			runOnlyForDeploymentPostprocessing = 0;
		};
/* End PBXResourcesBuildPhase section */

/* Begin PBXSourcesBuildPhase section */
		75FE22331B74D4A9009CEC97 /* Sources */ = {
			isa = PBXSourcesBuildPhase;
			buildActionMask = 2147483647;
			files = (
				75D0BE0F1B7541570096CAEC /* DeviceConnectionViewController.m in Sources */,
				75D0BE151B75595F0096CAEC /* SerialCommunication.c in Sources */,
				75FE22401B74D4A9009CEC97 /* main.m in Sources */,
				75D0BE121B7556CA0096CAEC /* DeviceConnectionView.m in Sources */,
				75C975DB1B7E5C5100EF1E5B /* DataPreparationViewController.m in Sources */,
				7546DE541B8C9C58002EDDCC /* ToolSettingsView.m in Sources */,
				7546DE511B8C98A1002EDDCC /* ToolSettingsViewController.m in Sources */,
				75C975D81B7E59C500EF1E5B /* CommunicationViewController.m in Sources */,
				75251CEF1B8FE74900543278 /* GCodeCommand.m in Sources */,
				75FE223E1B74D4A9009CEC97 /* AppDelegate.m in Sources */,
			);
			runOnlyForDeploymentPostprocessing = 0;
		};
		75FE22491B74D4A9009CEC97 /* Sources */ = {
			isa = PBXSourcesBuildPhase;
			buildActionMask = 2147483647;
			files = (
				75FE22541B74D4A9009CEC97 /* iCutMyselfTests.m in Sources */,
			);
			runOnlyForDeploymentPostprocessing = 0;
		};
/* End PBXSourcesBuildPhase section */

/* Begin PBXTargetDependency section */
		75FE224F1B74D4A9009CEC97 /* PBXTargetDependency */ = {
			isa = PBXTargetDependency;
			target = 75FE22361B74D4A9009CEC97 /* iCutMyself */;
			targetProxy = 75FE224E1B74D4A9009CEC97 /* PBXContainerItemProxy */;
		};
/* End PBXTargetDependency section */

/* Begin PBXVariantGroup section */
		75FE22461B74D4A9009CEC97 /* Main.storyboard */ = {
			isa = PBXVariantGroup;
			children = (
				75FE22471B74D4A9009CEC97 /* Base */,
			);
			name = Main.storyboard;
			sourceTree = "<group>";
		};
/* End PBXVariantGroup section */

/* Begin XCBuildConfiguration section */
		75FE22551B74D4A9009CEC97 /* Debug */ = {
			isa = XCBuildConfiguration;
			buildSettings = {
				ALWAYS_SEARCH_USER_PATHS = NO;
				CLANG_CXX_LANGUAGE_STANDARD = "gnu++0x";
				CLANG_CXX_LIBRARY = "libc++";
				CLANG_ENABLE_MODULES = YES;
				CLANG_ENABLE_OBJC_ARC = YES;
				CLANG_WARN_BOOL_CONVERSION = YES;
				CLANG_WARN_CONSTANT_CONVERSION = YES;
				CLANG_WARN_DIRECT_OBJC_ISA_USAGE = YES_ERROR;
				CLANG_WARN_EMPTY_BODY = YES;
				CLANG_WARN_ENUM_CONVERSION = YES;
				CLANG_WARN_INT_CONVERSION = YES;
				CLANG_WARN_OBJC_ROOT_CLASS = YES_ERROR;
				CLANG_WARN_UNREACHABLE_CODE = YES;
				CLANG_WARN__DUPLICATE_METHOD_MATCH = YES;
				CODE_SIGN_IDENTITY = "-";
				COPY_PHASE_STRIP = NO;
				DEBUG_INFORMATION_FORMAT = dwarf;
				ENABLE_STRICT_OBJC_MSGSEND = YES;
				GCC_C_LANGUAGE_STANDARD = gnu99;
				GCC_DYNAMIC_NO_PIC = NO;
				GCC_NO_COMMON_BLOCKS = YES;
				GCC_OPTIMIZATION_LEVEL = 0;
				GCC_PREPROCESSOR_DEFINITIONS = (
					"DEBUG=1",
					"$(inherited)",
				);
				GCC_SYMBOLS_PRIVATE_EXTERN = NO;
				GCC_WARN_64_TO_32_BIT_CONVERSION = YES;
				GCC_WARN_ABOUT_RETURN_TYPE = YES_ERROR;
				GCC_WARN_UNDECLARED_SELECTOR = YES;
				GCC_WARN_UNINITIALIZED_AUTOS = YES_AGGRESSIVE;
				GCC_WARN_UNUSED_FUNCTION = YES;
				GCC_WARN_UNUSED_VARIABLE = YES;
				MACOSX_DEPLOYMENT_TARGET = 10.10;
				MTL_ENABLE_DEBUG_INFO = YES;
				ONLY_ACTIVE_ARCH = YES;
				SDKROOT = macosx;
			};
			name = Debug;
		};
		75FE22561B74D4A9009CEC97 /* Release */ = {
			isa = XCBuildConfiguration;
			buildSettings = {
				ALWAYS_SEARCH_USER_PATHS = NO;
				CLANG_CXX_LANGUAGE_STANDARD = "gnu++0x";
				CLANG_CXX_LIBRARY = "libc++";
				CLANG_ENABLE_MODULES = YES;
				CLANG_ENABLE_OBJC_ARC = YES;
				CLANG_WARN_BOOL_CONVERSION = YES;
				CLANG_WARN_CONSTANT_CONVERSION = YES;
				CLANG_WARN_DIRECT_OBJC_ISA_USAGE = YES_ERROR;
				CLANG_WARN_EMPTY_BODY = YES;
				CLANG_WARN_ENUM_CONVERSION = YES;
				CLANG_WARN_INT_CONVERSION = YES;
				CLANG_WARN_OBJC_ROOT_CLASS = YES_ERROR;
				CLANG_WARN_UNREACHABLE_CODE = YES;
				CLANG_WARN__DUPLICATE_METHOD_MATCH = YES;
				CODE_SIGN_IDENTITY = "-";
				COPY_PHASE_STRIP = NO;
				DEBUG_INFORMATION_FORMAT = "dwarf-with-dsym";
				ENABLE_NS_ASSERTIONS = NO;
				ENABLE_STRICT_OBJC_MSGSEND = YES;
				GCC_C_LANGUAGE_STANDARD = gnu99;
				GCC_NO_COMMON_BLOCKS = YES;
				GCC_WARN_64_TO_32_BIT_CONVERSION = YES;
				GCC_WARN_ABOUT_RETURN_TYPE = YES_ERROR;
				GCC_WARN_UNDECLARED_SELECTOR = YES;
				GCC_WARN_UNINITIALIZED_AUTOS = YES_AGGRESSIVE;
				GCC_WARN_UNUSED_FUNCTION = YES;
				GCC_WARN_UNUSED_VARIABLE = YES;
				MACOSX_DEPLOYMENT_TARGET = 10.10;
				MTL_ENABLE_DEBUG_INFO = NO;
				SDKROOT = macosx;
			};
			name = Release;
		};
		75FE22581B74D4A9009CEC97 /* Debug */ = {
			isa = XCBuildConfiguration;
			buildSettings = {
				ASSETCATALOG_COMPILER_APPICON_NAME = AppIcon;
				COMBINE_HIDPI_IMAGES = YES;
				INFOPLIST_FILE = iCutMyself/Info.plist;
				LD_RUNPATH_SEARCH_PATHS = "$(inherited) @executable_path/../Frameworks";
				PRODUCT_NAME = "$(TARGET_NAME)";
			};
			name = Debug;
		};
		75FE22591B74D4A9009CEC97 /* Release */ = {
			isa = XCBuildConfiguration;
			buildSettings = {
				ASSETCATALOG_COMPILER_APPICON_NAME = AppIcon;
				COMBINE_HIDPI_IMAGES = YES;
				INFOPLIST_FILE = iCutMyself/Info.plist;
				LD_RUNPATH_SEARCH_PATHS = "$(inherited) @executable_path/../Frameworks";
				PRODUCT_NAME = "$(TARGET_NAME)";
			};
			name = Release;
		};
		75FE225B1B74D4A9009CEC97 /* Debug */ = {
			isa = XCBuildConfiguration;
			buildSettings = {
				BUNDLE_LOADER = "$(TEST_HOST)";
				COMBINE_HIDPI_IMAGES = YES;
				FRAMEWORK_SEARCH_PATHS = (
					"$(DEVELOPER_FRAMEWORKS_DIR)",
					"$(inherited)",
				);
				GCC_PREPROCESSOR_DEFINITIONS = (
					"DEBUG=1",
					"$(inherited)",
				);
				INFOPLIST_FILE = iCutMyselfTests/Info.plist;
				LD_RUNPATH_SEARCH_PATHS = "$(inherited) @executable_path/../Frameworks @loader_path/../Frameworks";
				PRODUCT_NAME = "$(TARGET_NAME)";
				TEST_HOST = "$(BUILT_PRODUCTS_DIR)/iCutMyself.app/Contents/MacOS/iCutMyself";
			};
			name = Debug;
		};
		75FE225C1B74D4A9009CEC97 /* Release */ = {
			isa = XCBuildConfiguration;
			buildSettings = {
				BUNDLE_LOADER = "$(TEST_HOST)";
				COMBINE_HIDPI_IMAGES = YES;
				FRAMEWORK_SEARCH_PATHS = (
					"$(DEVELOPER_FRAMEWORKS_DIR)",
					"$(inherited)",
				);
				INFOPLIST_FILE = iCutMyselfTests/Info.plist;
				LD_RUNPATH_SEARCH_PATHS = "$(inherited) @executable_path/../Frameworks @loader_path/../Frameworks";
				PRODUCT_NAME = "$(TARGET_NAME)";
				TEST_HOST = "$(BUILT_PRODUCTS_DIR)/iCutMyself.app/Contents/MacOS/iCutMyself";
			};
			name = Release;
		};
/* End XCBuildConfiguration section */

/* Begin XCConfigurationList section */
		75FE22321B74D4A9009CEC97 /* Build configuration list for PBXProject "iCutMyself" */ = {
			isa = XCConfigurationList;
			buildConfigurations = (
				75FE22551B74D4A9009CEC97 /* Debug */,
				75FE22561B74D4A9009CEC97 /* Release */,
			);
			defaultConfigurationIsVisible = 0;
			defaultConfigurationName = Release;
		};
		75FE22571B74D4A9009CEC97 /* Build configuration list for PBXNativeTarget "iCutMyself" */ = {
			isa = XCConfigurationList;
			buildConfigurations = (
				75FE22581B74D4A9009CEC97 /* Debug */,
				75FE22591B74D4A9009CEC97 /* Release */,
			);
			defaultConfigurationIsVisible = 0;
			defaultConfigurationName = Release;
		};
		75FE225A1B74D4A9009CEC97 /* Build configuration list for PBXNativeTarget "iCutMyselfTests" */ = {
			isa = XCConfigurationList;
			buildConfigurations = (
				75FE225B1B74D4A9009CEC97 /* Debug */,
				75FE225C1B74D4A9009CEC97 /* Release */,
			);
			defaultConfigurationIsVisible = 0;
			defaultConfigurationName = Release;
		};
/* End XCConfigurationList section */
	};
	rootObject = 75FE222F1B74D4A9009CEC97 /* Project object */;
}
